
Microsoft Visual Studio Solution File, Format Version 12.00
# Visual Studio Version 17
VisualStudioVersion = 17.6.33815.320
MinimumVisualStudioVersion = 10.0.40219.1
Project("{FAE04EC0-301F-11D3-BF4B-00C04F79EFBC}") = "MyDayApp", "MyDayApp.csproj", "{C0F2349F-94FF-41F6-B4A1-56415D373597}"
EndProject
Global
	GlobalSection(SolutionConfigurationPlatforms) = preSolution
		Debug|Any CPU = Debug|Any CPU
		Release|Any CPU = Release|Any CPU
	EndGlobalSection
	GlobalSection(ProjectConfigurationPlatforms) = postSolution
		{C0F2349F-94FF-41F6-B4A1-56415D373597}.Debug|Any CPU.ActiveCfg = Debug|Any CPU
		{C0F2349F-94FF-41F6-B4A1-56415D373597}.Debug|Any CPU.Build.0 = Debug|Any CPU
		{C0F2349F-94FF-41F6-B4A1-56415D373597}.Release|Any CPU.ActiveCfg = Release|Any CPU
		{C0F2349F-94FF-41F6-B4A1-56415D373597}.Release|Any CPU.Build.0 = Release|Any CPU
	EndGlobalSection
	GlobalSection(SolutionProperties) = preSolution
		HideSolutionNode = FALSE
	EndGlobalSection
	GlobalSection(ExtensibilityGlobals) = postSolution
		SolutionGuid = {8D8431CB-C691-49C0-9A3A-E28669F096FD}
	EndGlobalSection
EndGlobal
